{
  "nodes": {
    "defaultChannel": {
      "locked": {
        "lastModified": 1635350005,
        "narHash": "sha256-tAMJnUwfaDEB2aa31jGcu7R7bzGELM9noc91L2PbVjg=",
        "owner": "NixOS",
        "repo": "nixpkgs",
        "rev": "1c1f5649bb9c1b0d98637c8c365228f57126f361",
        "type": "github"
      },
      "original": {
        "id": "nixpkgs",
        "ref": "nixos-20.09",
        "type": "indirect"
      }
    },
    "flake-utils": {
      "inputs": {
        "systems": "systems"
      },
      "locked": {
        "lastModified": 1689068808,
        "narHash": "sha256-6ixXo3wt24N/melDWjq70UuHQLxGV8jZvooRanIHXw0=",
        "owner": "numtide",
        "repo": "flake-utils",
        "rev": "919d646de7be200f3bf08cb76ae1f09402b6f9b4",
        "type": "github"
      },
      "original": {
        "owner": "numtide",
        "repo": "flake-utils",
        "type": "github"
      }
    },
    "flake-utils_2": {
      "inputs": {
        "systems": "systems_2"
      },
      "locked": {
        "lastModified": 1689068808,
        "narHash": "sha256-6ixXo3wt24N/melDWjq70UuHQLxGV8jZvooRanIHXw0=",
        "owner": "numtide",
        "repo": "flake-utils",
        "rev": "919d646de7be200f3bf08cb76ae1f09402b6f9b4",
        "type": "github"
      },
      "original": {
        "id": "flake-utils",
        "type": "indirect"
      }
    },
    "flake-utils_3": {
      "locked": {
        "lastModified": 1656928814,
        "narHash": "sha256-RIFfgBuKz6Hp89yRr7+NR5tzIAbn52h8vT6vXkYjZoM=",
        "owner": "numtide",
        "repo": "flake-utils",
        "rev": "7e2a3b3dfd9af950a856d66b0a7d01e3c18aa249",
        "type": "github"
      },
      "original": {
        "owner": "numtide",
        "repo": "flake-utils",
        "type": "github"
      }
    },
    "lake": {
      "flake": false,
      "locked": {
        "lastModified": 1688094074,
        "narHash": "sha256-GWs4prsvSrsjhANNwvKmdTiC3aJtoBpUFnyWtunzpRM=",
        "owner": "leanprover",
        "repo": "lake",
        "rev": "8e9152a1e08ebcdd9c1405f5b6c3276270c425ee",
        "type": "github"
      },
      "original": {
        "owner": "leanprover",
        "ref": "lean4-master",
        "repo": "lake",
        "type": "github"
      }
    },
    "lake2nix": {
      "inputs": {
        "flake-utils": "flake-utils_2",
        "lake": "lake",
        "lean": "lean"
      },
      "locked": {
        "dir": "lake2nix",
        "lastModified": 1689413064,
        "narHash": "sha256-pVQrAiY4LD55LfmWHPtMAl81H5p2UIJg+r8Mnv9acGE=",
        "owner": "Kha",
        "repo": "nale",
        "rev": "fc2ccae9daf98d40e8ab78adc384ca834b2e87cd",
        "type": "github"
      },
      "original": {
        "dir": "lake2nix",
        "owner": "Kha",
        "repo": "nale",
        "type": "github"
      }
    },
    "lean": {
      "inputs": {
        "flake-utils": "flake-utils_3",
        "lean4-mode": "lean4-mode",
        "nix": "nix",
        "nixpkgs": "nixpkgs_2"
      },
      "locked": {
        "lastModified": 1689353300,
        "narHash": "sha256-RlfCcRbgoZrwqx8w73Pt52/ds66T3e3wTpzGdEgfxaY=",
        "owner": "leanprover",
        "repo": "lean4",
        "rev": "1a6663a41baf95cb995b79cd8a466ab81e230b35",
        "type": "github"
      },
      "original": {
        "owner": "leanprover",
        "repo": "lean4",
        "type": "github"
      }
    },
    "lean4-mode": {
      "flake": false,
      "locked": {
        "lastModified": 1676498134,
        "narHash": "sha256-u3WvyKxOViZG53hkb8wd2/Og6muTecbh+NdflIgVeyk=",
        "owner": "leanprover",
        "repo": "lean4-mode",
        "rev": "2c6ef33f476fdf5eb5e4fa4fa023ba8b11372440",
        "type": "github"
      },
      "original": {
        "owner": "leanprover",
        "repo": "lean4-mode",
        "type": "github"
      }
    },
    "lowdown-src": {
      "flake": false,
      "locked": {
        "lastModified": 1633514407,
        "narHash": "sha256-Dw32tiMjdK9t3ETl5fzGrutQTzh2rufgZV4A/BbxuD4=",
        "owner": "kristapsdz",
        "repo": "lowdown",
        "rev": "d2c2b44ff6c27b936ec27358a2653caaef8f73b8",
        "type": "github"
      },
      "original": {
        "owner": "kristapsdz",
        "repo": "lowdown",
        "type": "github"
      }
    },
    "lowdown-src_2": {
      "flake": false,
      "locked": {
        "lastModified": 1633514407,
        "narHash": "sha256-Dw32tiMjdK9t3ETl5fzGrutQTzh2rufgZV4A/BbxuD4=",
        "owner": "kristapsdz",
        "repo": "lowdown",
        "rev": "d2c2b44ff6c27b936ec27358a2653caaef8f73b8",
        "type": "github"
      },
      "original": {
        "owner": "kristapsdz",
        "repo": "lowdown",
        "type": "github"
      }
    },
    "lowdown-src_3": {
      "flake": false,
      "locked": {
        "lastModified": 1633514407,
        "narHash": "sha256-Dw32tiMjdK9t3ETl5fzGrutQTzh2rufgZV4A/BbxuD4=",
        "owner": "kristapsdz",
        "repo": "lowdown",
        "rev": "d2c2b44ff6c27b936ec27358a2653caaef8f73b8",
        "type": "github"
      },
      "original": {
        "owner": "kristapsdz",
        "repo": "lowdown",
        "type": "github"
      }
    },
    "nix": {
      "inputs": {
        "lowdown-src": "lowdown-src",
        "nixpkgs": "nixpkgs",
        "nixpkgs-regression": "nixpkgs-regression"
      },
      "locked": {
        "lastModified": 1657097207,
        "narHash": "sha256-SmeGmjWM3fEed3kQjqIAO8VpGmkC2sL1aPE7kKpK650=",
        "owner": "NixOS",
        "repo": "nix",
        "rev": "f6316b49a0c37172bca87ede6ea8144d7d89832f",
        "type": "github"
      },
      "original": {
        "owner": "NixOS",
        "repo": "nix",
        "type": "github"
      }
    },
    "nix-portable": {
      "inputs": {
        "defaultChannel": "defaultChannel",
        "nix": "nix_3",
        "nixpkgs": [
          "nix",
          "nixpkgs"
        ]
      },
      "locked": {
        "lastModified": 1673176718,
        "narHash": "sha256-biOhTThZOquP2/8qXWxfDz86apDfm+TjShT/9zgcQfQ=",
        "owner": "Kha",
        "repo": "nix-portable",
        "rev": "a896def029dc725896fd284a853995d1bf8fc878",
        "type": "github"
      },
      "original": {
        "owner": "Kha",
        "ref": "nale",
        "repo": "nix-portable",
        "type": "github"
      }
    },
    "nix_2": {
      "inputs": {
        "lowdown-src": "lowdown-src_2",
        "nixpkgs": "nixpkgs_3",
        "nixpkgs-regression": "nixpkgs-regression_2"
      },
      "locked": {
        "lastModified": 1675956754,
        "narHash": "sha256-SecRUdJkwHncsmSTGpZIplg5ArfCH2qIJfPlQjmC+js=",
        "owner": "Kha",
        "repo": "nix",
        "rev": "f78297a73e76580a54d0717399a866418e94e2e3",
        "type": "github"
      },
      "original": {
        "owner": "Kha",
        "ref": "nale",
        "repo": "nix",
        "type": "github"
      }
    },
    "nix_3": {
      "inputs": {
        "lowdown-src": "lowdown-src_3",
        "nixpkgs": [
          "nix-portable",
          "nixpkgs"
        ]
      },
      "locked": {
        "lastModified": 1639739069,
        "narHash": "sha256-GOsiqy9EaTwDn2PLZ4eFj1VkXcBUbqrqHehRE9GuGdU=",
        "owner": "NixOS",
        "repo": "nix",
        "rev": "b4f250417ab64f237c8b51439fe1f427193ab23b",
        "type": "github"
      },
      "original": {
        "id": "nix",
        "ref": "2.5.1",
        "type": "indirect"
      }
    },
    "nixpkgs": {
      "locked": {
        "lastModified": 1653988320,
        "narHash": "sha256-ZaqFFsSDipZ6KVqriwM34T739+KLYJvNmCWzErjAg7c=",
        "owner": "NixOS",
        "repo": "nixpkgs",
        "rev": "2fa57ed190fd6c7c746319444f34b5917666e5c1",
        "type": "github"
      },
      "original": {
        "owner": "NixOS",
        "ref": "nixos-22.05-small",
        "repo": "nixpkgs",
        "type": "github"
      }
    },
    "nixpkgs-regression": {
      "locked": {
        "lastModified": 1643052045,
        "narHash": "sha256-uGJ0VXIhWKGXxkeNnq4TvV3CIOkUJ3PAoLZ3HMzNVMw=",
        "owner": "NixOS",
        "repo": "nixpkgs",
        "rev": "215d4d0fd80ca5163643b03a33fde804a29cc1e2",
        "type": "github"
      },
      "original": {
        "owner": "NixOS",
        "repo": "nixpkgs",
        "rev": "215d4d0fd80ca5163643b03a33fde804a29cc1e2",
        "type": "github"
      }
    },
    "nixpkgs-regression_2": {
      "locked": {
        "lastModified": 1643052045,
        "narHash": "sha256-uGJ0VXIhWKGXxkeNnq4TvV3CIOkUJ3PAoLZ3HMzNVMw=",
        "owner": "NixOS",
        "repo": "nixpkgs",
        "rev": "215d4d0fd80ca5163643b03a33fde804a29cc1e2",
        "type": "github"
      },
      "original": {
        "owner": "NixOS",
        "repo": "nixpkgs",
        "rev": "215d4d0fd80ca5163643b03a33fde804a29cc1e2",
        "type": "github"
      }
    },
    "nixpkgs_2": {
      "locked": {
        "lastModified": 1657208011,
        "narHash": "sha256-BlIFwopAykvdy1DYayEkj6ZZdkn+cVgPNX98QVLc0jM=",
        "owner": "NixOS",
        "repo": "nixpkgs",
        "rev": "2770cc0b1e8faa0e20eb2c6aea64c256a706d4f2",
        "type": "github"
      },
      "original": {
        "owner": "NixOS",
        "ref": "nixpkgs-unstable",
        "repo": "nixpkgs",
        "type": "github"
      }
    },
    "nixpkgs_3": {
      "locked": {
        "lastModified": 1670461440,
        "narHash": "sha256-jy1LB8HOMKGJEGXgzFRLDU1CBGL0/LlkolgnqIsF0D8=",
        "owner": "NixOS",
        "repo": "nixpkgs",
        "rev": "04a75b2eecc0acf6239acf9dd04485ff8d14f425",
        "type": "github"
      },
      "original": {
        "owner": "NixOS",
        "ref": "nixos-22.11-small",
        "repo": "nixpkgs",
        "type": "github"
      }
    },
    "root": {
      "inputs": {
        "flake-utils": "flake-utils",
        "lake2nix": "lake2nix",
        "nix": "nix_2",
        "nix-portable": "nix-portable",
        "nixpkgs": [
          "nix",
          "nixpkgs"
        ]
      }
    },
    "systems": {
      "locked": {
        "lastModified": 1681028828,
        "narHash": "sha256-Vy1rq5AaRuLzOxct8nz4T6wlgyUR7zLU309k9mBC768=",
        "owner": "nix-systems",
        "repo": "default",
        "rev": "da67096a3b9bf56a91d16901293e51ba5b49a27e",
        "type": "github"
      },
      "original": {
        "owner": "nix-systems",
        "repo": "default",
        "type": "github"
      }
    },
    "systems_2": {
      "locked": {
        "lastModified": 1681028828,
        "narHash": "sha256-Vy1rq5AaRuLzOxct8nz4T6wlgyUR7zLU309k9mBC768=",
        "owner": "nix-systems",
        "repo": "default",
        "rev": "da67096a3b9bf56a91d16901293e51ba5b49a27e",
        "type": "github"
      },
      "original": {
        "owner": "nix-systems",
        "repo": "default",
        "type": "github"
      }
    }
  },
  "root": "root",
  "version": 7
}
